
Microsoft Visual Studio Solution File, Format Version 12.00
# Visual Studio Version 16
VisualStudioVersion = 16.0.31624.102
MinimumVisualStudioVersion = 10.0.40219.1
Project("{9A19103F-16F7-4668-BE54-9A1E7A4F7556}") = "PreWorkMidTerm", "PreWorkMidTerm\PreWorkMidTerm.csproj", "{067B9E98-C528-46E3-BF7F-4CB7CE1EC6F6}"
EndProject
Project("{FAE04EC0-301F-11D3-BF4B-00C04F79EFBC}") = "PreWorkTest", "PreWorkTest\PreWorkTest.csproj", "{368C6BB7-CDC4-4211-A926-29A3F0D4432B}"
EndProject
Global
	GlobalSection(SolutionConfigurationPlatforms) = preSolution
		Debug|Any CPU = Debug|Any CPU
		Release|Any CPU = Release|Any CPU
	EndGlobalSection
	GlobalSection(ProjectConfigurationPlatforms) = postSolution
		{067B9E98-C528-46E3-BF7F-4CB7CE1EC6F6}.Debug|Any CPU.ActiveCfg = Debug|Any CPU
		{067B9E98-C528-46E3-BF7F-4CB7CE1EC6F6}.Debug|Any CPU.Build.0 = Debug|Any CPU
		{067B9E98-C528-46E3-BF7F-4CB7CE1EC6F6}.Release|Any CPU.ActiveCfg = Release|Any CPU
		{067B9E98-C528-46E3-BF7F-4CB7CE1EC6F6}.Release|Any CPU.Build.0 = Release|Any CPU
		{368C6BB7-CDC4-4211-A926-29A3F0D4432B}.Debug|Any CPU.ActiveCfg = Debug|Any CPU
		{368C6BB7-CDC4-4211-A926-29A3F0D4432B}.Debug|Any CPU.Build.0 = Debug|Any CPU
		{368C6BB7-CDC4-4211-A926-29A3F0D4432B}.Release|Any CPU.ActiveCfg = Release|Any CPU
		{368C6BB7-CDC4-4211-A926-29A3F0D4432B}.Release|Any CPU.Build.0 = Release|Any CPU
	EndGlobalSection
	GlobalSection(SolutionProperties) = preSolution
		HideSolutionNode = FALSE
	EndGlobalSection
	GlobalSection(ExtensibilityGlobals) = postSolution
		SolutionGuid = {E1805BEF-0377-45DD-ADCD-82521C0EA6AC}
	EndGlobalSection
EndGlobal
